<?xml version="1.0" encoding="utf-8"?>
<Project ToolsVersion="4.0" xmlns="http://schemas.microsoft.com/developer/msbuild/2003">
  <ItemGroup>
    <ClCompile Include="Main.cpp" />
    <ClCompile Include="SingleState\SingleStateTest.cpp">
      <Filter>SingleState</Filter>
    </ClCompile>
    <ClCompile Include="FunctionTest.cpp" />
    <ClCompile Include="CompositeState\CompositeStateTest.cpp">
      <Filter>CompositeState</Filter>
    </ClCompile>
    <ClCompile Include="ActionWithArgument\ActionWithArgumentTest.cpp">
      <Filter>ActionWithArgument</Filter>
    </ClCompile>
    <ClCompile Include="AlignmentTest.cpp" />
    <ClCompile Include="..\..\External\Gtest\googletest\src\gtest-all.cc">
      <Filter>Gtest</Filter>
    </ClCompile>
  </ItemGroup>
  <ItemGroup>
    <ClInclude Include="SingleState\SingleState.hpp">
      <Filter>SingleState</Filter>
    </ClInclude>
    <ClInclude Include="CompositeState\CompositeState.hpp">
      <Filter>CompositeState</Filter>
    </ClInclude>
    <ClInclude Include="ActionWithArgument\ActionWithArgument.hpp">
      <Filter>ActionWithArgument</Filter>
    </ClInclude>
  </ItemGroup>
  <ItemGroup>
    <Filter Include="SingleState">
      <UniqueIdentifier>{91d3ddb6-91d5-476b-8ea9-dfcd687b9370}</UniqueIdentifier>
    </Filter>
    <Filter Include="CompositeState">
      <UniqueIdentifier>{b4d39e47-78e2-4c09-b96b-845b4113a2ef}</UniqueIdentifier>
    </Filter>
    <Filter Include="ActionWithArgument">
      <UniqueIdentifier>{64b83148-dd68-4246-9bbd-9c2434bd88c8}</UniqueIdentifier>
    </Filter>
    <Filter Include="Gtest">
      <UniqueIdentifier>{a034b379-3866-437e-bac8-24865179b00c}</UniqueIdentifier>
    </Filter>
  </ItemGroup>
</Project>